
Microsoft Visual Studio Solution File, Format Version 12.00
# Visual Studio Version 17
VisualStudioVersion = 17.0.31903.59
MinimumVisualStudioVersion = 10.0.40219.1
Project("{2150E333-8FDC-42A3-9474-1A3956D46DE8}") = "src", "src", "{D86471FD-3355-4DA9-B71F-7C0C669051BE}"
EndProject
Project("{FAE04EC0-301F-11D3-BF4B-00C04F79EFBC}") = "Localization.WebApi", "src\Localization.WebApi\Localization.WebApi.csproj", "{3CFA662C-C262-486A-9EF4-D4E101383D01}"
EndProject
Project("{FAE04EC0-301F-11D3-BF4B-00C04F79EFBC}") = "Localization.Application", "src\Localization.Application\Localization.Application.csproj", "{64DF78A8-D33F-4253-AF3B-19E4FED83265}"
EndProject
Project("{FAE04EC0-301F-11D3-BF4B-00C04F79EFBC}") = "Localization.Domain", "src\Localization.Domain\Localization.Domain.csproj", "{E932381A-3472-48F9-BBA2-2833C961B2BC}"
EndProject
Project("{2150E333-8FDC-42A3-9474-1A3956D46DE8}") = "tests", "tests", "{B48DCEB7-B604-4830-A1C9-C2414133AC43}"
EndProject
Project("{FAE04EC0-301F-11D3-BF4B-00C04F79EFBC}") = "Localization.UnitTests", "tests\Localization.UnitTests\Localization.UnitTests.csproj", "{06B95BE2-9A7D-4845-BE6A-902E975BE522}"
EndProject
Project("{FAE04EC0-301F-11D3-BF4B-00C04F79EFBC}") = "Localization.IntegrationTests", "tests\Localization.IntegrationTests\Localization.IntegrationTests.csproj", "{959D4AEB-3380-416D-955D-8873DAFA26AF}"
EndProject
Project("{FAE04EC0-301F-11D3-BF4B-00C04F79EFBC}") = "Localization.Infra.Data", "src\Localization.Infra.Data\Localization.Infra.Data.csproj", "{9D22FD08-849D-4642-9D68-F0A8910C2D2C}"
EndProject
Project("{FAE04EC0-301F-11D3-BF4B-00C04F79EFBC}") = "Localization.Infra.IoC", "src\Localization.Infra.IoC\Localization.Infra.IoC.csproj", "{4A0BCABC-6084-49CA-9AC2-F79C86A57C2F}"
EndProject
Global
	GlobalSection(SolutionProperties) = preSolution
		HideSolutionNode = FALSE
	EndGlobalSection
	GlobalSection(SolutionConfigurationPlatforms) = preSolution
		Debug|Any CPU = Debug|Any CPU
		Debug|x64 = Debug|x64
		Debug|x86 = Debug|x86
		Release|Any CPU = Release|Any CPU
		Release|x64 = Release|x64
		Release|x86 = Release|x86
	EndGlobalSection
	GlobalSection(ProjectConfigurationPlatforms) = postSolution
		{3CFA662C-C262-486A-9EF4-D4E101383D01}.Debug|Any CPU.ActiveCfg = Debug|Any CPU
		{3CFA662C-C262-486A-9EF4-D4E101383D01}.Debug|Any CPU.Build.0 = Debug|Any CPU
		{3CFA662C-C262-486A-9EF4-D4E101383D01}.Debug|x64.ActiveCfg = Debug|Any CPU
		{3CFA662C-C262-486A-9EF4-D4E101383D01}.Debug|x64.Build.0 = Debug|Any CPU
		{3CFA662C-C262-486A-9EF4-D4E101383D01}.Debug|x86.ActiveCfg = Debug|Any CPU
		{3CFA662C-C262-486A-9EF4-D4E101383D01}.Debug|x86.Build.0 = Debug|Any CPU
		{3CFA662C-C262-486A-9EF4-D4E101383D01}.Release|Any CPU.ActiveCfg = Release|Any CPU
		{3CFA662C-C262-486A-9EF4-D4E101383D01}.Release|Any CPU.Build.0 = Release|Any CPU
		{3CFA662C-C262-486A-9EF4-D4E101383D01}.Release|x64.ActiveCfg = Release|Any CPU
		{3CFA662C-C262-486A-9EF4-D4E101383D01}.Release|x64.Build.0 = Release|Any CPU
		{3CFA662C-C262-486A-9EF4-D4E101383D01}.Release|x86.ActiveCfg = Release|Any CPU
		{3CFA662C-C262-486A-9EF4-D4E101383D01}.Release|x86.Build.0 = Release|Any CPU
		{64DF78A8-D33F-4253-AF3B-19E4FED83265}.Debug|Any CPU.ActiveCfg = Debug|Any CPU
		{64DF78A8-D33F-4253-AF3B-19E4FED83265}.Debug|Any CPU.Build.0 = Debug|Any CPU
		{64DF78A8-D33F-4253-AF3B-19E4FED83265}.Debug|x64.ActiveCfg = Debug|Any CPU
		{64DF78A8-D33F-4253-AF3B-19E4FED83265}.Debug|x64.Build.0 = Debug|Any CPU
		{64DF78A8-D33F-4253-AF3B-19E4FED83265}.Debug|x86.ActiveCfg = Debug|Any CPU
		{64DF78A8-D33F-4253-AF3B-19E4FED83265}.Debug|x86.Build.0 = Debug|Any CPU
		{64DF78A8-D33F-4253-AF3B-19E4FED83265}.Release|Any CPU.ActiveCfg = Release|Any CPU
		{64DF78A8-D33F-4253-AF3B-19E4FED83265}.Release|Any CPU.Build.0 = Release|Any CPU
		{64DF78A8-D33F-4253-AF3B-19E4FED83265}.Release|x64.ActiveCfg = Release|Any CPU
		{64DF78A8-D33F-4253-AF3B-19E4FED83265}.Release|x64.Build.0 = Release|Any CPU
		{64DF78A8-D33F-4253-AF3B-19E4FED83265}.Release|x86.ActiveCfg = Release|Any CPU
		{64DF78A8-D33F-4253-AF3B-19E4FED83265}.Release|x86.Build.0 = Release|Any CPU
		{E932381A-3472-48F9-BBA2-2833C961B2BC}.Debug|Any CPU.ActiveCfg = Debug|Any CPU
		{E932381A-3472-48F9-BBA2-2833C961B2BC}.Debug|Any CPU.Build.0 = Debug|Any CPU
		{E932381A-3472-48F9-BBA2-2833C961B2BC}.Debug|x64.ActiveCfg = Debug|Any CPU
		{E932381A-3472-48F9-BBA2-2833C961B2BC}.Debug|x64.Build.0 = Debug|Any CPU
		{E932381A-3472-48F9-BBA2-2833C961B2BC}.Debug|x86.ActiveCfg = Debug|Any CPU
		{E932381A-3472-48F9-BBA2-2833C961B2BC}.Debug|x86.Build.0 = Debug|Any CPU
		{E932381A-3472-48F9-BBA2-2833C961B2BC}.Release|Any CPU.ActiveCfg = Release|Any CPU
		{E932381A-3472-48F9-BBA2-2833C961B2BC}.Release|Any CPU.Build.0 = Release|Any CPU
		{E932381A-3472-48F9-BBA2-2833C961B2BC}.Release|x64.ActiveCfg = Release|Any CPU
		{E932381A-3472-48F9-BBA2-2833C961B2BC}.Release|x64.Build.0 = Release|Any CPU
		{E932381A-3472-48F9-BBA2-2833C961B2BC}.Release|x86.ActiveCfg = Release|Any CPU
		{E932381A-3472-48F9-BBA2-2833C961B2BC}.Release|x86.Build.0 = Release|Any CPU
		{06B95BE2-9A7D-4845-BE6A-902E975BE522}.Debug|Any CPU.ActiveCfg = Debug|Any CPU
		{06B95BE2-9A7D-4845-BE6A-902E975BE522}.Debug|Any CPU.Build.0 = Debug|Any CPU
		{06B95BE2-9A7D-4845-BE6A-902E975BE522}.Debug|x64.ActiveCfg = Debug|Any CPU
		{06B95BE2-9A7D-4845-BE6A-902E975BE522}.Debug|x64.Build.0 = Debug|Any CPU
		{06B95BE2-9A7D-4845-BE6A-902E975BE522}.Debug|x86.ActiveCfg = Debug|Any CPU
		{06B95BE2-9A7D-4845-BE6A-902E975BE522}.Debug|x86.Build.0 = Debug|Any CPU
		{06B95BE2-9A7D-4845-BE6A-902E975BE522}.Release|Any CPU.ActiveCfg = Release|Any CPU
		{06B95BE2-9A7D-4845-BE6A-902E975BE522}.Release|Any CPU.Build.0 = Release|Any CPU
		{06B95BE2-9A7D-4845-BE6A-902E975BE522}.Release|x64.ActiveCfg = Release|Any CPU
		{06B95BE2-9A7D-4845-BE6A-902E975BE522}.Release|x64.Build.0 = Release|Any CPU
		{06B95BE2-9A7D-4845-BE6A-902E975BE522}.Release|x86.ActiveCfg = Release|Any CPU
		{06B95BE2-9A7D-4845-BE6A-902E975BE522}.Release|x86.Build.0 = Release|Any CPU
		{959D4AEB-3380-416D-955D-8873DAFA26AF}.Debug|Any CPU.ActiveCfg = Debug|Any CPU
		{959D4AEB-3380-416D-955D-8873DAFA26AF}.Debug|Any CPU.Build.0 = Debug|Any CPU
		{959D4AEB-3380-416D-955D-8873DAFA26AF}.Debug|x64.ActiveCfg = Debug|Any CPU
		{959D4AEB-3380-416D-955D-8873DAFA26AF}.Debug|x64.Build.0 = Debug|Any CPU
		{959D4AEB-3380-416D-955D-8873DAFA26AF}.Debug|x86.ActiveCfg = Debug|Any CPU
		{959D4AEB-3380-416D-955D-8873DAFA26AF}.Debug|x86.Build.0 = Debug|Any CPU
		{959D4AEB-3380-416D-955D-8873DAFA26AF}.Release|Any CPU.ActiveCfg = Release|Any CPU
		{959D4AEB-3380-416D-955D-8873DAFA26AF}.Release|Any CPU.Build.0 = Release|Any CPU
		{959D4AEB-3380-416D-955D-8873DAFA26AF}.Release|x64.ActiveCfg = Release|Any CPU
		{959D4AEB-3380-416D-955D-8873DAFA26AF}.Release|x64.Build.0 = Release|Any CPU
		{959D4AEB-3380-416D-955D-8873DAFA26AF}.Release|x86.ActiveCfg = Release|Any CPU
		{959D4AEB-3380-416D-955D-8873DAFA26AF}.Release|x86.Build.0 = Release|Any CPU
		{9D22FD08-849D-4642-9D68-F0A8910C2D2C}.Debug|Any CPU.ActiveCfg = Debug|Any CPU
		{9D22FD08-849D-4642-9D68-F0A8910C2D2C}.Debug|Any CPU.Build.0 = Debug|Any CPU
		{9D22FD08-849D-4642-9D68-F0A8910C2D2C}.Debug|x64.ActiveCfg = Debug|Any CPU
		{9D22FD08-849D-4642-9D68-F0A8910C2D2C}.Debug|x64.Build.0 = Debug|Any CPU
		{9D22FD08-849D-4642-9D68-F0A8910C2D2C}.Debug|x86.ActiveCfg = Debug|Any CPU
		{9D22FD08-849D-4642-9D68-F0A8910C2D2C}.Debug|x86.Build.0 = Debug|Any CPU
		{9D22FD08-849D-4642-9D68-F0A8910C2D2C}.Release|Any CPU.ActiveCfg = Release|Any CPU
		{9D22FD08-849D-4642-9D68-F0A8910C2D2C}.Release|Any CPU.Build.0 = Release|Any CPU
		{9D22FD08-849D-4642-9D68-F0A8910C2D2C}.Release|x64.ActiveCfg = Release|Any CPU
		{9D22FD08-849D-4642-9D68-F0A8910C2D2C}.Release|x64.Build.0 = Release|Any CPU
		{9D22FD08-849D-4642-9D68-F0A8910C2D2C}.Release|x86.ActiveCfg = Release|Any CPU
		{9D22FD08-849D-4642-9D68-F0A8910C2D2C}.Release|x86.Build.0 = Release|Any CPU
		{4A0BCABC-6084-49CA-9AC2-F79C86A57C2F}.Debug|Any CPU.ActiveCfg = Debug|Any CPU
		{4A0BCABC-6084-49CA-9AC2-F79C86A57C2F}.Debug|Any CPU.Build.0 = Debug|Any CPU
		{4A0BCABC-6084-49CA-9AC2-F79C86A57C2F}.Debug|x64.ActiveCfg = Debug|Any CPU
		{4A0BCABC-6084-49CA-9AC2-F79C86A57C2F}.Debug|x64.Build.0 = Debug|Any CPU
		{4A0BCABC-6084-49CA-9AC2-F79C86A57C2F}.Debug|x86.ActiveCfg = Debug|Any CPU
		{4A0BCABC-6084-49CA-9AC2-F79C86A57C2F}.Debug|x86.Build.0 = Debug|Any CPU
		{4A0BCABC-6084-49CA-9AC2-F79C86A57C2F}.Release|Any CPU.ActiveCfg = Release|Any CPU
		{4A0BCABC-6084-49CA-9AC2-F79C86A57C2F}.Release|Any CPU.Build.0 = Release|Any CPU
		{4A0BCABC-6084-49CA-9AC2-F79C86A57C2F}.Release|x64.ActiveCfg = Release|Any CPU
		{4A0BCABC-6084-49CA-9AC2-F79C86A57C2F}.Release|x64.Build.0 = Release|Any CPU
		{4A0BCABC-6084-49CA-9AC2-F79C86A57C2F}.Release|x86.ActiveCfg = Release|Any CPU
		{4A0BCABC-6084-49CA-9AC2-F79C86A57C2F}.Release|x86.Build.0 = Release|Any CPU
	EndGlobalSection
	GlobalSection(NestedProjects) = preSolution
		{3CFA662C-C262-486A-9EF4-D4E101383D01} = {D86471FD-3355-4DA9-B71F-7C0C669051BE}
		{64DF78A8-D33F-4253-AF3B-19E4FED83265} = {D86471FD-3355-4DA9-B71F-7C0C669051BE}
		{E932381A-3472-48F9-BBA2-2833C961B2BC} = {D86471FD-3355-4DA9-B71F-7C0C669051BE}
		{06B95BE2-9A7D-4845-BE6A-902E975BE522} = {B48DCEB7-B604-4830-A1C9-C2414133AC43}
		{959D4AEB-3380-416D-955D-8873DAFA26AF} = {B48DCEB7-B604-4830-A1C9-C2414133AC43}
		{9D22FD08-849D-4642-9D68-F0A8910C2D2C} = {D86471FD-3355-4DA9-B71F-7C0C669051BE}
		{4A0BCABC-6084-49CA-9AC2-F79C86A57C2F} = {D86471FD-3355-4DA9-B71F-7C0C669051BE}
	EndGlobalSection
EndGlobal
